
Microsoft Visual Studio Solution File, Format Version 12.00
# Visual Studio 2013
VisualStudioVersion = 12.0.31101.0
MinimumVisualStudioVersion = 10.0.40219.1
Project("{FAE04EC0-301F-11D3-BF4B-00C04F79EFBC}") = "02_FS", "FS\02_FS.csproj", "{4A49999C-1F13-48EA-BA1A-B8B4F657DAAF}"
EndProject
Project("{FAE04EC0-301F-11D3-BF4B-00C04F79EFBC}") = "01_FS", "02_FS\01_FS.csproj", "{F442B7BB-7CF3-4E0B-88C4-B2FDF9DA2E99}"
EndProject
Project("{FAE04EC0-301F-11D3-BF4B-00C04F79EFBC}") = "03_FS", "03_FS\03_FS.csproj", "{56B1F0C2-89BE-4D0F-BEBE-B67A4B3BA4B6}"
EndProject
Project("{FAE04EC0-301F-11D3-BF4B-00C04F79EFBC}") = "04_FS", "04_FS\04_FS.csproj", "{5130A774-8755-45A9-90A3-CA22F4CFC27A}"
EndProject
Project("{FAE04EC0-301F-11D3-BF4B-00C04F79EFBC}") = "05_FS", "05_FS\05_FS.csproj", "{75A663C2-EDA9-44D1-A06F-684E829A9778}"
EndProject
Global
	GlobalSection(SolutionConfigurationPlatforms) = preSolution
		Debug|Any CPU = Debug|Any CPU
		Release|Any CPU = Release|Any CPU
	EndGlobalSection
	GlobalSection(ProjectConfigurationPlatforms) = postSolution
		{4A49999C-1F13-48EA-BA1A-B8B4F657DAAF}.Debug|Any CPU.ActiveCfg = Debug|Any CPU
		{4A49999C-1F13-48EA-BA1A-B8B4F657DAAF}.Debug|Any CPU.Build.0 = Debug|Any CPU
		{4A49999C-1F13-48EA-BA1A-B8B4F657DAAF}.Release|Any CPU.ActiveCfg = Release|Any CPU
		{4A49999C-1F13-48EA-BA1A-B8B4F657DAAF}.Release|Any CPU.Build.0 = Release|Any CPU
		{F442B7BB-7CF3-4E0B-88C4-B2FDF9DA2E99}.Debug|Any CPU.ActiveCfg = Debug|Any CPU
		{F442B7BB-7CF3-4E0B-88C4-B2FDF9DA2E99}.Debug|Any CPU.Build.0 = Debug|Any CPU
		{F442B7BB-7CF3-4E0B-88C4-B2FDF9DA2E99}.Release|Any CPU.ActiveCfg = Release|Any CPU
		{F442B7BB-7CF3-4E0B-88C4-B2FDF9DA2E99}.Release|Any CPU.Build.0 = Release|Any CPU
		{56B1F0C2-89BE-4D0F-BEBE-B67A4B3BA4B6}.Debug|Any CPU.ActiveCfg = Debug|Any CPU
		{56B1F0C2-89BE-4D0F-BEBE-B67A4B3BA4B6}.Debug|Any CPU.Build.0 = Debug|Any CPU
		{56B1F0C2-89BE-4D0F-BEBE-B67A4B3BA4B6}.Release|Any CPU.ActiveCfg = Release|Any CPU
		{56B1F0C2-89BE-4D0F-BEBE-B67A4B3BA4B6}.Release|Any CPU.Build.0 = Release|Any CPU
		{5130A774-8755-45A9-90A3-CA22F4CFC27A}.Debug|Any CPU.ActiveCfg = Debug|Any CPU
		{5130A774-8755-45A9-90A3-CA22F4CFC27A}.Debug|Any CPU.Build.0 = Debug|Any CPU
		{5130A774-8755-45A9-90A3-CA22F4CFC27A}.Release|Any CPU.ActiveCfg = Release|Any CPU
		{5130A774-8755-45A9-90A3-CA22F4CFC27A}.Release|Any CPU.Build.0 = Release|Any CPU
		{75A663C2-EDA9-44D1-A06F-684E829A9778}.Debug|Any CPU.ActiveCfg = Debug|Any CPU
		{75A663C2-EDA9-44D1-A06F-684E829A9778}.Debug|Any CPU.Build.0 = Debug|Any CPU
		{75A663C2-EDA9-44D1-A06F-684E829A9778}.Release|Any CPU.ActiveCfg = Release|Any CPU
		{75A663C2-EDA9-44D1-A06F-684E829A9778}.Release|Any CPU.Build.0 = Release|Any CPU
	EndGlobalSection
	GlobalSection(SolutionProperties) = preSolution
		HideSolutionNode = FALSE
	EndGlobalSection
EndGlobal
